
Microsoft Visual Studio Solution File, Format Version 12.00
# Visual Studio Version 16
VisualStudioVersion = 16.0.29709.97
MinimumVisualStudioVersion = 10.0.40219.1
Project("{FAE04EC0-301F-11D3-BF4B-00C04F79EFBC}") = "FileWatcherConsole", "FileWatcherConsole\FileWatcherConsole.csproj", "{39A64343-575F-4EDA-B352-B270B7AF5650}"
EndProject
Global
	GlobalSection(SolutionConfigurationPlatforms) = preSolution
		Debug|Any CPU = Debug|Any CPU
		Release|Any CPU = Release|Any CPU
	EndGlobalSection
	GlobalSection(ProjectConfigurationPlatforms) = postSolution
		{39A64343-575F-4EDA-B352-B270B7AF5650}.Debug|Any CPU.ActiveCfg = Debug|Any CPU
		{39A64343-575F-4EDA-B352-B270B7AF5650}.Debug|Any CPU.Build.0 = Debug|Any CPU
		{39A64343-575F-4EDA-B352-B270B7AF5650}.Release|Any CPU.ActiveCfg = Release|Any CPU
		{39A64343-575F-4EDA-B352-B270B7AF5650}.Release|Any CPU.Build.0 = Release|Any CPU
	EndGlobalSection
	GlobalSection(SolutionProperties) = preSolution
		HideSolutionNode = FALSE
	EndGlobalSection
	GlobalSection(ExtensibilityGlobals) = postSolution
		SolutionGuid = {9F3F9FD1-8145-4EAA-BC55-89DD3D97297C}
	EndGlobalSection
EndGlobal
